github.com/ThalesIgnite/crypto11 v0.1.0 h1:wh3jljzD2GLFcWZQlT5RC2yHxt10gdxhZg/TnFiFhaQ=
github.com/ThalesIgnite/crypto11 v0.1.0/go.mod h1:DdvQlzHSrdXwhcXCWY6o1HquZycJyAwsXXpKlk1+rww=
github.com/boombuler/barcode v1.0.0 h1:s1TvRnXwL2xJRaccrdcBQMZxq6X7DvsMogtmJeHDdrc=
github.com/boombuler/barcode v1.0.0/go.mod h1:paBWMcWSl3LHKBqUq+rly7CNSldXjb2rDl3JlRe0mD8=
github.com/davecgh/go-spew v1.1.0/go.mod h1:J7Y8YcW2NihsgmVo/mv3lAwl/skON4iLHjSsI+c5H38=
github.com/golang/freetype v0.0.0-20170609003504-e2365dfdc4a0 h1:DACJavvAHhabrF08vX0COfcOBJRhZ8lUbR+ZWIs0Y5g=
github.com/golang/freetype v0.0.0-20170609003504-e2365dfdc4a0/go.mod h1:E/TSTwGwJL78qG/PmXZO1EjYhfJinVAhrmmHX6Z8B9k=
github.com/golang/glog v0.0.0-20160126235308-23def4e6c14b h1:VKtxabqXZkF25pY9ekfRL6a582T4P37/31XEstQ5p58=
github.com/golang/glog v0.0.0-20160126235308-23def4e6c14b/go.mod h1:SBH7ygxi8pfUlaOkMMuAQtPIUF8ecWP5IEl/CR7VP2Q=
github.com/gunnsth/pkcs7 v0.0.0-20181213175627-3cffc6fbfe83 h1:saj5dTV7eQ1wFg/gVZr1SfbkOmg8CYO9R8frHgQiyR4=
github.com/gunnsth/pkcs7 v0.0.0-20181213175627-3cffc6fbfe83/go.mod h1:xaGEIRenAiJcGgd9p62zbiP4993KaV3PdjczwGnP50I=
github.com/miekg/pkcs11 v1.0.2 h1:CIBkOawOtzJNE0B+EpRiUBzuVW7JEQAwdwhSS6YhIeg=
github.com/miekg/pkcs11 v1.0.2/go.mod h1:XsNlhZGX73bx86s2hdc/FuaLm2CPZJemRLMA+WTFxgs=
github.com/pmezard/go-difflib v1.0.0/go.mod h1:iKH77koFhYxTK1pcRnkKkqfTogsbg7gZNVY4sRDYZ/4=
github.com/stretchr/objx v0.1.0/go.mod h1:HFkY916IF+rwdDfMAkV7OtwuqBVzrE8GR6GFx+wExME=
github.com/stretchr/testify v1.3.0/go.mod h1:M5WIy9Dh21IEIfnGCwXGc5bZfKNJtfHm1UVUgZn+9EI=
github.com/unidoc/unipdf/v3 v3.0.0-20190516204451-c64812093d7b h1:yp+Mw55jFK8C2LQMrnaeJGL0wpb/cAT99YMQ+rFePAg=
github.com/unidoc/unipdf/v3 v3.0.0-20190516204451-c64812093d7b/go.mod h1:xq0X+xxSAgPpoQNyPtXmKOdGV3iZBPQQxuV2roDhECw=
github.com/wcharczuk/go-chart v2.0.1+incompatible h1:0pz39ZAycJFF7ju/1mepnk26RLVLBCWz1STcD3doU0A=
github.com/wcharczuk/go-chart v2.0.1+incompatible/go.mod h1:PF5tmL4EIx/7Wf+hEkpCqYi5He4u90sw+0+6FhrryuE=
github.com/youtube/vitess v2.1.1+incompatible h1:SE+P7DNX/jw5RHFs5CHRhZQjq402EJFCD33JhzQMdDw=
github.com/youtube/vitess v2.1.1+incompatible/go.mod h1:hpMim5/30F1r+0P8GGtB29d0gWHr0IZ5unS+CG0zMx8=
golang.org/x/crypto v0.0.0-20190308221718-c2843e01d9a2/go.mod h1:djNgcEr1/C05ACkg1iLfiJU5Ep61QUkGW8qpdssI0+w=
golang.org/x/crypto v0.0.0-20190325154230-a5d413f7728c h1:Vj5n4GlwjmQteupaxJ9+0FNOmBrHfq7vN4btdGoDZgI=
golang.org/x/crypto v0.0.0-20190325154230-a5d413f7728c/go.mod h1:djNgcEr1/C05ACkg1iLfiJU5Ep61QUkGW8qpdssI0+w=
golang.org/x/image v0.0.0-20181116024801-cd38e8056d9b h1:VHyIDlv3XkfCa5/a81uzaoDkHH4rr81Z62g+xlnO8uM=
golang.org/x/image v0.0.0-20181116024801-cd38e8056d9b/go.mod h1:ux5Hcp/YLpHSI86hEcLt0YII63i6oz57MZXIpbrjZUs=
golang.org/x/net v0.0.0-20190514140710-3ec191127204 h1:4yG6GqBtw9C+UrLp6s2wtSniayy/Vd/3F7ffLE427XI=
golang.org/x/net v0.0.0-20190514140710-3ec191127204/go.mod h1:t9HGtf8HONx5eT2rtn7q6eTqICYqUVnKs3thJo3Qplg=
golang.org/x/sys v0.0.0-20190215142949-d0b11bdaac8a/go.mod h1:STP8DvDyc/dI5b8T5hshtkjS+E42TnysNCUPdjciGhY=
golang.org/x/text v0.3.0 h1:g61tztE5qeGQ89tm6NTjjM9VPIm088od1l6aSorWRWg=
golang.org/x/text v0.3.0/go.mod h1:NqM8EUOU14njkJ3fqMW+pc6Ldnwhi/IjpwHt7yyuwOQ=
golang.org/x/text v0.3.2 h1:tW2bmiBqwgJj/UpqtC8EpXEZVYOwU0yG4iWbprSVAcs=
golang.org/x/text v0.3.2/go.mod h1:bEr9sfX3Q8Zfm5fL9x+3itogRgK3+ptLWKqgva+5dAk=
golang.org/x/tools v0.0.0-20180917221912-90fa682c2a6e/go.mod h1:n7NCudcB/nEzxVGmLbDWY5pfWTLqBcC2KZ6jyYvM4mQ=
